
Microsoft Visual Studio Solution File, Format Version 12.00
# Visual Studio Version 16
VisualStudioVersion = 16.0.30523.141
MinimumVisualStudioVersion = 10.0.40219.1
Project("{FAE04EC0-301F-11D3-BF4B-00C04F79EFBC}") = "FormularioStackPanel", "FormularioStackPanel\FormularioStackPanel.csproj", "{28FBFCFB-046E-4971-BA38-64244D19455B}"
EndProject
Global
	GlobalSection(SolutionConfigurationPlatforms) = preSolution
		Debug|Any CPU = Debug|Any CPU
		Release|Any CPU = Release|Any CPU
	EndGlobalSection
	GlobalSection(ProjectConfigurationPlatforms) = postSolution
		{28FBFCFB-046E-4971-BA38-64244D19455B}.Debug|Any CPU.ActiveCfg = Debug|Any CPU
		{28FBFCFB-046E-4971-BA38-64244D19455B}.Debug|Any CPU.Build.0 = Debug|Any CPU
		{28FBFCFB-046E-4971-BA38-64244D19455B}.Release|Any CPU.ActiveCfg = Release|Any CPU
		{28FBFCFB-046E-4971-BA38-64244D19455B}.Release|Any CPU.Build.0 = Release|Any CPU
	EndGlobalSection
	GlobalSection(SolutionProperties) = preSolution
		HideSolutionNode = FALSE
	EndGlobalSection
	GlobalSection(ExtensibilityGlobals) = postSolution
		SolutionGuid = {89A17972-7F26-4661-AD89-C7FCF7C9F8FE}
	EndGlobalSection
EndGlobal
